// !$*UTF8*$!
{
	archiveVersion = 1;
	classes = {
	};
	objectVersion = 56;
	objects = {

/* Begin PBXBuildFile section */
		BE9AB99E2BBDB48300C8BAA9 /* MovieList.cpp in Sources */ = {isa = PBXBuildFile; fileRef = BE9AB99D2BBDB48300C8BAA9 /* MovieList.cpp */; };
		BE9AB9A22BBDB5AF00C8BAA9 /* TestDriver.cpp in Sources */ = {isa = PBXBuildFile; fileRef = BE9AB9A12BBDB5AF00C8BAA9 /* TestDriver.cpp */; };
		BE9AB9BB2BBDBE9000C8BAA9 /* UnitTests.cpp in Sources */ = {isa = PBXBuildFile; fileRef = BE9AB9BA2BBDBE9000C8BAA9 /* UnitTests.cpp */; };
/* End PBXBuildFile section */

/* Begin PBXCopyFilesBuildPhase section */
		BEBD6C792BB502B3008410E8 /* CopyFiles */ = {
			isa = PBXCopyFilesBuildPhase;
			buildActionMask = 2147483647;
			dstPath = /usr/share/man/man1/;
			dstSubfolderSpec = 0;
			files = (
			);
			runOnlyForDeploymentPostprocessing = 1;
		};
/* End PBXCopyFilesBuildPhase section */

/* Begin PBXFileReference section */
		BE9AB99D2BBDB48300C8BAA9 /* MovieList.cpp */ = {isa = PBXFileReference; fileEncoding = 4; lastKnownFileType = sourcecode.cpp.cpp; path = MovieList.cpp; sourceTree = "<group>"; };
		BE9AB9A02BBDB55900C8BAA9 /* MovieList.h */ = {isa = PBXFileReference; lastKnownFileType = sourcecode.c.h; name = MovieList.h; path = "PA#5 Netflix DVD queue/MovieList.h"; sourceTree = "<group>"; };
		BE9AB9A12BBDB5AF00C8BAA9 /* TestDriver.cpp */ = {isa = PBXFileReference; fileEncoding = 4; lastKnownFileType = sourcecode.cpp.cpp; name = TestDriver.cpp; path = "PA#5 Netflix DVD queue/TestDriver.cpp"; sourceTree = "<group>"; };
		BE9AB9B32BBDBE8600C8BAA9 /* Test.xctest */ = {isa = PBXFileReference; explicitFileType = wrapper.cfbundle; includeInIndex = 0; path = Test.xctest; sourceTree = BUILT_PRODUCTS_DIR; };
		BE9AB9BA2BBDBE9000C8BAA9 /* UnitTests.cpp */ = {isa = PBXFileReference; fileEncoding = 4; lastKnownFileType = sourcecode.cpp.cpp; path = UnitTests.cpp; sourceTree = "<group>"; };
		BEBD6C7B2BB502B3008410E8 /* 17.9 PA#5 Netflix DVD queue */ = {isa = PBXFileReference; explicitFileType = "compiled.mach-o.executable"; includeInIndex = 0; path = "17.9 PA#5 Netflix DVD queue"; sourceTree = BUILT_PRODUCTS_DIR; };
/* End PBXFileReference section */

/* Begin PBXFrameworksBuildPhase section */
		BE9AB9B02BBDBE8600C8BAA9 /* Frameworks */ = {
			isa = PBXFrameworksBuildPhase;
			buildActionMask = 2147483647;
			files = (
			);
			runOnlyForDeploymentPostprocessing = 0;
		};
		BEBD6C782BB502B3008410E8 /* Frameworks */ = {
			isa = PBXFrameworksBuildPhase;
			buildActionMask = 2147483647;
			files = (
			);
			runOnlyForDeploymentPostprocessing = 0;
		};
/* End PBXFrameworksBuildPhase section */

/* Begin PBXGroup section */
		BE9AB9B42BBDBE8600C8BAA9 /* Test */ = {
			isa = PBXGroup;
			children = (
				BE9AB9BA2BBDBE9000C8BAA9 /* UnitTests.cpp */,
			);
			path = Test;
			sourceTree = "<group>";
		};
		BEBD6C722BB502B3008410E8 = {
			isa = PBXGroup;
			children = (
				BEBD6C7D2BB502B3008410E8 /* 17.9 PA#5 Netflix DVD queue */,
				BE9AB9B42BBDBE8600C8BAA9 /* Test */,
				BEBD6C7C2BB502B3008410E8 /* Products */,
			);
			sourceTree = "<group>";
		};
		BEBD6C7C2BB502B3008410E8 /* Products */ = {
			isa = PBXGroup;
			children = (
				BEBD6C7B2BB502B3008410E8 /* 17.9 PA#5 Netflix DVD queue */,
				BE9AB9B32BBDBE8600C8BAA9 /* Test.xctest */,
			);
			name = Products;
			sourceTree = "<group>";
		};
		BEBD6C7D2BB502B3008410E8 /* 17.9 PA#5 Netflix DVD queue */ = {
			isa = PBXGroup;
			children = (
				BE9AB99D2BBDB48300C8BAA9 /* MovieList.cpp */,
				BE9AB9A02BBDB55900C8BAA9 /* MovieList.h */,
				BE9AB9A12BBDB5AF00C8BAA9 /* TestDriver.cpp */,
			);
			path = "17.9 PA#5 Netflix DVD queue";
			sourceTree = "<group>";
		};
/* End PBXGroup section */

/* Begin PBXNativeTarget section */
		BE9AB9B22BBDBE8600C8BAA9 /* Test */ = {
			isa = PBXNativeTarget;
			buildConfigurationList = BE9AB9B92BBDBE8600C8BAA9 /* Build configuration list for PBXNativeTarget "Test" */;
			buildPhases = (
				BE9AB9AF2BBDBE8600C8BAA9 /* Sources */,
				BE9AB9B02BBDBE8600C8BAA9 /* Frameworks */,
				BE9AB9B12BBDBE8600C8BAA9 /* Resources */,
			);
			buildRules = (
			);
			dependencies = (
			);
			name = Test;
			productName = Test;
			productReference = BE9AB9B32BBDBE8600C8BAA9 /* Test.xctest */;
			productType = "com.apple.product-type.bundle.unit-test";
		};
		BEBD6C7A2BB502B3008410E8 /* 17.9 PA#5 Netflix DVD queue */ = {
			isa = PBXNativeTarget;
			buildConfigurationList = BEBD6C822BB502B4008410E8 /* Build configuration list for PBXNativeTarget "17.9 PA#5 Netflix DVD queue" */;
			buildPhases = (
				BEBD6C772BB502B3008410E8 /* Sources */,
				BEBD6C782BB502B3008410E8 /* Frameworks */,
				BEBD6C792BB502B3008410E8 /* CopyFiles */,
			);
			buildRules = (
			);
			dependencies = (
			);
			name = "17.9 PA#5 Netflix DVD queue";
			productName = "17.9 PA#5 Netflix DVD queue";
			productReference = BEBD6C7B2BB502B3008410E8 /* 17.9 PA#5 Netflix DVD queue */;
			productType = "com.apple.product-type.tool";
		};
/* End PBXNativeTarget section */

/* Begin PBXProject section */
		BEBD6C732BB502B3008410E8 /* Project object */ = {
			isa = PBXProject;
			attributes = {
				BuildIndependentTargetsInParallel = 1;
				LastUpgradeCheck = 1530;
				TargetAttributes = {
					BE9AB9B22BBDBE8600C8BAA9 = {
						CreatedOnToolsVersion = 15.3;
					};
					BEBD6C7A2BB502B3008410E8 = {
						CreatedOnToolsVersion = 14.2;
					};
				};
			};
			buildConfigurationList = BEBD6C762BB502B3008410E8 /* Build configuration list for PBXProject "17.9 PA#5 Netflix DVD queue" */;
			compatibilityVersion = "Xcode 14.0";
			developmentRegion = en;
			hasScannedForEncodings = 0;
			knownRegions = (
				en,
				Base,
			);
			mainGroup = BEBD6C722BB502B3008410E8;
			productRefGroup = BEBD6C7C2BB502B3008410E8 /* Products */;
			projectDirPath = "";
			projectRoot = "";
			targets = (
				BEBD6C7A2BB502B3008410E8 /* 17.9 PA#5 Netflix DVD queue */,
				BE9AB9B22BBDBE8600C8BAA9 /* Test */,
			);
		};
/* End PBXProject section */

/* Begin PBXResourcesBuildPhase section */
		BE9AB9B12BBDBE8600C8BAA9 /* Resources */ = {
			isa = PBXResourcesBuildPhase;
			buildActionMask = 2147483647;
			files = (
			);
			runOnlyForDeploymentPostprocessing = 0;
		};
/* End PBXResourcesBuildPhase section */

/* Begin PBXSourcesBuildPhase section */
		BE9AB9AF2BBDBE8600C8BAA9 /* Sources */ = {
			isa = PBXSourcesBuildPhase;
			buildActionMask = 2147483647;
			files = (
				BE9AB9BB2BBDBE9000C8BAA9 /* UnitTests.cpp in Sources */,
			);
			runOnlyForDeploymentPostprocessing = 0;
		};
		BEBD6C772BB502B3008410E8 /* Sources */ = {
			isa = PBXSourcesBuildPhase;
			buildActionMask = 2147483647;
			files = (
				BE9AB99E2BBDB48300C8BAA9 /* MovieList.cpp in Sources */,
				BE9AB9A22BBDB5AF00C8BAA9 /* TestDriver.cpp in Sources */,
			);
			runOnlyForDeploymentPostprocessing = 0;
		};
/* End PBXSourcesBuildPhase section */

/* Begin XCBuildConfiguration section */
		BE9AB9B72BBDBE8600C8BAA9 /* Debug */ = {
			isa = XCBuildConfiguration;
			buildSettings = {
				ASSETCATALOG_COMPILER_GENERATE_SWIFT_ASSET_SYMBOL_EXTENSIONS = YES;
				CODE_SIGN_STYLE = Automatic;
				CURRENT_PROJECT_VERSION = 1;
				GCC_C_LANGUAGE_STANDARD = gnu17;
				GCC_NO_COMMON_BLOCKS = YES;
				GENERATE_INFOPLIST_FILE = YES;
				LOCALIZATION_PREFERS_STRING_CATALOGS = YES;
				MACOSX_DEPLOYMENT_TARGET = 14.2;
				MARKETING_VERSION = 1.0;
				PRODUCT_BUNDLE_IDENTIFIER = cpp.Test;
				PRODUCT_NAME = "$(TARGET_NAME)";
				SWIFT_EMIT_LOC_STRINGS = NO;
			};
			name = Debug;
		};
		BE9AB9B82BBDBE8600C8BAA9 /* Release */ = {
			isa = XCBuildConfiguration;
			buildSettings = {
				ASSETCATALOG_COMPILER_GENERATE_SWIFT_ASSET_SYMBOL_EXTENSIONS = YES;
				CODE_SIGN_STYLE = Automatic;
				CURRENT_PROJECT_VERSION = 1;
				GCC_C_LANGUAGE_STANDARD = gnu17;
				GCC_NO_COMMON_BLOCKS = YES;
				GENERATE_INFOPLIST_FILE = YES;
				LOCALIZATION_PREFERS_STRING_CATALOGS = YES;
				MACOSX_DEPLOYMENT_TARGET = 14.2;
				MARKETING_VERSION = 1.0;
				PRODUCT_BUNDLE_IDENTIFIER = cpp.Test;
				PRODUCT_NAME = "$(TARGET_NAME)";
				SWIFT_EMIT_LOC_STRINGS = NO;
			};
			name = Release;
		};
		BEBD6C802BB502B4008410E8 /* Debug */ = {
			isa = XCBuildConfiguration;
			buildSettings = {
				ALWAYS_SEARCH_USER_PATHS = NO;
				CLANG_ANALYZER_NONNULL = YES;
				CLANG_ANALYZER_NUMBER_OBJECT_CONVERSION = YES_AGGRESSIVE;
				CLANG_CXX_LANGUAGE_STANDARD = "gnu++20";
				CLANG_ENABLE_MODULES = YES;
				CLANG_ENABLE_OBJC_ARC = YES;
				CLANG_ENABLE_OBJC_WEAK = YES;
				CLANG_WARN_BLOCK_CAPTURE_AUTORELEASING = YES;
				CLANG_WARN_BOOL_CONVERSION = YES;
				CLANG_WARN_COMMA = YES;
				CLANG_WARN_CONSTANT_CONVERSION = YES;
				CLANG_WARN_DEPRECATED_OBJC_IMPLEMENTATIONS = YES;
				CLANG_WARN_DIRECT_OBJC_ISA_USAGE = YES_ERROR;
				CLANG_WARN_DOCUMENTATION_COMMENTS = YES;
				CLANG_WARN_EMPTY_BODY = YES;
				CLANG_WARN_ENUM_CONVERSION = YES;
				CLANG_WARN_INFINITE_RECURSION = YES;
				CLANG_WARN_INT_CONVERSION = YES;
				CLANG_WARN_NON_LITERAL_NULL_CONVERSION = YES;
				CLANG_WARN_OBJC_IMPLICIT_RETAIN_SELF = YES;
				CLANG_WARN_OBJC_LITERAL_CONVERSION = YES;
				CLANG_WARN_OBJC_ROOT_CLASS = YES_ERROR;
				CLANG_WARN_QUOTED_INCLUDE_IN_FRAMEWORK_HEADER = YES;
				CLANG_WARN_RANGE_LOOP_ANALYSIS = YES;
				CLANG_WARN_STRICT_PROTOTYPES = YES;
				CLANG_WARN_SUSPICIOUS_MOVE = YES;
				CLANG_WARN_UNGUARDED_AVAILABILITY = YES_AGGRESSIVE;
				CLANG_WARN_UNREACHABLE_CODE = YES;
				CLANG_WARN__DUPLICATE_METHOD_MATCH = YES;
				COPY_PHASE_STRIP = NO;
				DEAD_CODE_STRIPPING = YES;
				DEBUG_INFORMATION_FORMAT = dwarf;
				ENABLE_STRICT_OBJC_MSGSEND = YES;
				ENABLE_TESTABILITY = YES;
				ENABLE_USER_SCRIPT_SANDBOXING = YES;
				GCC_C_LANGUAGE_STANDARD = gnu11;
				GCC_DYNAMIC_NO_PIC = NO;
				GCC_NO_COMMON_BLOCKS = NO;
				GCC_OPTIMIZATION_LEVEL = 0;
				GCC_PREPROCESSOR_DEFINITIONS = (
					"DEBUG=1",
					"$(inherited)",
				);
				GCC_WARN_64_TO_32_BIT_CONVERSION = YES;
				GCC_WARN_ABOUT_RETURN_TYPE = YES_ERROR;
				GCC_WARN_UNDECLARED_SELECTOR = YES;
				GCC_WARN_UNINITIALIZED_AUTOS = YES_AGGRESSIVE;
				GCC_WARN_UNUSED_FUNCTION = YES;
				GCC_WARN_UNUSED_VARIABLE = YES;
				MACOSX_DEPLOYMENT_TARGET = 12.7;
				MTL_ENABLE_DEBUG_INFO = INCLUDE_SOURCE;
				MTL_FAST_MATH = YES;
				ONLY_ACTIVE_ARCH = YES;
				SDKROOT = macosx;
			};
			name = Debug;
		};
		BEBD6C812BB502B4008410E8 /* Release */ = {
			isa = XCBuildConfiguration;
			buildSettings = {
				ALWAYS_SEARCH_USER_PATHS = NO;
				CLANG_ANALYZER_NONNULL = YES;
				CLANG_ANALYZER_NUMBER_OBJECT_CONVERSION = YES_AGGRESSIVE;
				CLANG_CXX_LANGUAGE_STANDARD = "gnu++20";
				CLANG_ENABLE_MODULES = YES;
				CLANG_ENABLE_OBJC_ARC = YES;
				CLANG_ENABLE_OBJC_WEAK = YES;
				CLANG_WARN_BLOCK_CAPTURE_AUTORELEASING = YES;
				CLANG_WARN_BOOL_CONVERSION = YES;
				CLANG_WARN_COMMA = YES;
				CLANG_WARN_CONSTANT_CONVERSION = YES;
				CLANG_WARN_DEPRECATED_OBJC_IMPLEMENTATIONS = YES;
				CLANG_WARN_DIRECT_OBJC_ISA_USAGE = YES_ERROR;
				CLANG_WARN_DOCUMENTATION_COMMENTS = YES;
				CLANG_WARN_EMPTY_BODY = YES;
				CLANG_WARN_ENUM_CONVERSION = YES;
				CLANG_WARN_INFINITE_RECURSION = YES;
				CLANG_WARN_INT_CONVERSION = YES;
				CLANG_WARN_NON_LITERAL_NULL_CONVERSION = YES;
				CLANG_WARN_OBJC_IMPLICIT_RETAIN_SELF = YES;
				CLANG_WARN_OBJC_LITERAL_CONVERSION = YES;
				CLANG_WARN_OBJC_ROOT_CLASS = YES_ERROR;
				CLANG_WARN_QUOTED_INCLUDE_IN_FRAMEWORK_HEADER = YES;
				CLANG_WARN_RANGE_LOOP_ANALYSIS = YES;
				CLANG_WARN_STRICT_PROTOTYPES = YES;
				CLANG_WARN_SUSPICIOUS_MOVE = YES;
				CLANG_WARN_UNGUARDED_AVAILABILITY = YES_AGGRESSIVE;
				CLANG_WARN_UNREACHABLE_CODE = YES;
				CLANG_WARN__DUPLICATE_METHOD_MATCH = YES;
				COPY_PHASE_STRIP = NO;
				DEAD_CODE_STRIPPING = YES;
				DEBUG_INFORMATION_FORMAT = "dwarf-with-dsym";
				ENABLE_NS_ASSERTIONS = NO;
				ENABLE_STRICT_OBJC_MSGSEND = YES;
				ENABLE_USER_SCRIPT_SANDBOXING = YES;
				GCC_C_LANGUAGE_STANDARD = gnu11;
				GCC_NO_COMMON_BLOCKS = NO;
				GCC_WARN_64_TO_32_BIT_CONVERSION = YES;
				GCC_WARN_ABOUT_RETURN_TYPE = YES_ERROR;
				GCC_WARN_UNDECLARED_SELECTOR = YES;
				GCC_WARN_UNINITIALIZED_AUTOS = YES_AGGRESSIVE;
				GCC_WARN_UNUSED_FUNCTION = YES;
				GCC_WARN_UNUSED_VARIABLE = YES;
				MACOSX_DEPLOYMENT_TARGET = 12.7;
				MTL_ENABLE_DEBUG_INFO = NO;
				MTL_FAST_MATH = YES;
				SDKROOT = macosx;
			};
			name = Release;
		};
		BEBD6C832BB502B4008410E8 /* Debug */ = {
			isa = XCBuildConfiguration;
			buildSettings = {
				CODE_SIGN_STYLE = Automatic;
				DEAD_CODE_STRIPPING = YES;
				PRODUCT_NAME = "$(TARGET_NAME)";
			};
			name = Debug;
		};
		BEBD6C842BB502B4008410E8 /* Release */ = {
			isa = XCBuildConfiguration;
			buildSettings = {
				CODE_SIGN_STYLE = Automatic;
				DEAD_CODE_STRIPPING = YES;
				PRODUCT_NAME = "$(TARGET_NAME)";
			};
			name = Release;
		};
/* End XCBuildConfiguration section */

/* Begin XCConfigurationList section */
		BE9AB9B92BBDBE8600C8BAA9 /* Build configuration list for PBXNativeTarget "Test" */ = {
			isa = XCConfigurationList;
			buildConfigurations = (
				BE9AB9B72BBDBE8600C8BAA9 /* Debug */,
				BE9AB9B82BBDBE8600C8BAA9 /* Release */,
			);
			defaultConfigurationIsVisible = 0;
			defaultConfigurationName = Release;
		};
		BEBD6C762BB502B3008410E8 /* Build configuration list for PBXProject "17.9 PA#5 Netflix DVD queue" */ = {
			isa = XCConfigurationList;
			buildConfigurations = (
				BEBD6C802BB502B4008410E8 /* Debug */,
				BEBD6C812BB502B4008410E8 /* Release */,
			);
			defaultConfigurationIsVisible = 0;
			defaultConfigurationName = Release;
		};
		BEBD6C822BB502B4008410E8 /* Build configuration list for PBXNativeTarget "17.9 PA#5 Netflix DVD queue" */ = {
			isa = XCConfigurationList;
			buildConfigurations = (
				BEBD6C832BB502B4008410E8 /* Debug */,
				BEBD6C842BB502B4008410E8 /* Release */,
			);
			defaultConfigurationIsVisible = 0;
			defaultConfigurationName = Release;
		};
/* End XCConfigurationList section */
	};
	rootObject = BEBD6C732BB502B3008410E8 /* Project object */;
}
